// !$*UTF8*$!
{
	archiveVersion = 1;
	classes = {
	};
	objectVersion = 56;
	objects = {

/* Begin PBXBuildFile section */
		AD79C4D12B5F7ED2007ED45D /* MVVM_CApp.swift in Sources */ = {isa = PBXBuildFile; fileRef = AD79C4D02B5F7ED2007ED45D /* MVVM_CApp.swift */; };
		AD79C4D32B5F7ED2007ED45D /* ContentView.swift in Sources */ = {isa = PBXBuildFile; fileRef = AD79C4D22B5F7ED2007ED45D /* ContentView.swift */; };
		AD79C4D52B5F7ED4007ED45D /* Assets.xcassets in Resources */ = {isa = PBXBuildFile; fileRef = AD79C4D42B5F7ED4007ED45D /* Assets.xcassets */; };
		AD79C4D82B5F7ED4007ED45D /* Preview Assets.xcassets in Resources */ = {isa = PBXBuildFile; fileRef = AD79C4D72B5F7ED4007ED45D /* Preview Assets.xcassets */; };
		AD79C4DF2B5F7F86007ED45D /* AppCoordinator.swift in Sources */ = {isa = PBXBuildFile; fileRef = AD79C4DE2B5F7F86007ED45D /* AppCoordinator.swift */; };
		AD79C4E12B5F808F007ED45D /* HomeView.swift in Sources */ = {isa = PBXBuildFile; fileRef = AD79C4E02B5F808F007ED45D /* HomeView.swift */; };
		AD79C4E52B5F82CB007ED45D /* UserFlowCoordinator.swift in Sources */ = {isa = PBXBuildFile; fileRef = AD79C4E42B5F82CB007ED45D /* UserFlowCoordinator.swift */; };
		AD79C4E72B5F856F007ED45D /* UsersListView.swift in Sources */ = {isa = PBXBuildFile; fileRef = AD79C4E62B5F856F007ED45D /* UsersListView.swift */; };
		AD79C4EA2B5F8595007ED45D /* UsersListViewModel.swift in Sources */ = {isa = PBXBuildFile; fileRef = AD79C4E92B5F8595007ED45D /* UsersListViewModel.swift */; };
		AD79C4EC2B5F8659007ED45D /* User.swift in Sources */ = {isa = PBXBuildFile; fileRef = AD79C4EB2B5F8659007ED45D /* User.swift */; };
		AD79C4EE2B5F881B007ED45D /* UserDetailsView.swift in Sources */ = {isa = PBXBuildFile; fileRef = AD79C4ED2B5F881B007ED45D /* UserDetailsView.swift */; };
		AD79C4F02B5F884A007ED45D /* UserDetailsViewModel.swift in Sources */ = {isa = PBXBuildFile; fileRef = AD79C4EF2B5F884A007ED45D /* UserDetailsViewModel.swift */; };
		AD79C4F32B5F8E75007ED45D /* Profile.swift in Sources */ = {isa = PBXBuildFile; fileRef = AD79C4F22B5F8E75007ED45D /* Profile.swift */; };
		AD79C4F52B5F95DD007ED45D /* SettingsFlowCoordinator.swift in Sources */ = {isa = PBXBuildFile; fileRef = AD79C4F42B5F95DD007ED45D /* SettingsFlowCoordinator.swift */; };
		AD79C4F82B5F9892007ED45D /* MainSettingsView.swift in Sources */ = {isa = PBXBuildFile; fileRef = AD79C4F72B5F9892007ED45D /* MainSettingsView.swift */; };
		AD79C4FA2B5F989C007ED45D /* PrivacySettingsView.swift in Sources */ = {isa = PBXBuildFile; fileRef = AD79C4F92B5F989C007ED45D /* PrivacySettingsView.swift */; };
		AD79C4FC2B5F98A8007ED45D /* CustomSettingsView.swift in Sources */ = {isa = PBXBuildFile; fileRef = AD79C4FB2B5F98A8007ED45D /* CustomSettingsView.swift */; };
		AD79C4FF2B5F9D62007ED45D /* ProfileFlowCoordinator.swift in Sources */ = {isa = PBXBuildFile; fileRef = AD79C4FE2B5F9D62007ED45D /* ProfileFlowCoordinator.swift */; };
		AD79C5012B5F9F7E007ED45D /* MainProfileView.swift in Sources */ = {isa = PBXBuildFile; fileRef = AD79C5002B5F9F7E007ED45D /* MainProfileView.swift */; };
		AD79C5052B5F9FB4007ED45D /* PersonalDetailsView.swift in Sources */ = {isa = PBXBuildFile; fileRef = AD79C5042B5F9FB4007ED45D /* PersonalDetailsView.swift */; };
		AD79C5072B5F9FBF007ED45D /* EducationDetailsView.swift in Sources */ = {isa = PBXBuildFile; fileRef = AD79C5062B5F9FBF007ED45D /* EducationDetailsView.swift */; };
/* End PBXBuildFile section */

/* Begin PBXFileReference section */
		AD79C4CD2B5F7ED2007ED45D /* MVVM-C.app */ = {isa = PBXFileReference; explicitFileType = wrapper.application; includeInIndex = 0; path = "MVVM-C.app"; sourceTree = BUILT_PRODUCTS_DIR; };
		AD79C4D02B5F7ED2007ED45D /* MVVM_CApp.swift */ = {isa = PBXFileReference; lastKnownFileType = sourcecode.swift; path = MVVM_CApp.swift; sourceTree = "<group>"; };
		AD79C4D22B5F7ED2007ED45D /* ContentView.swift */ = {isa = PBXFileReference; lastKnownFileType = sourcecode.swift; path = ContentView.swift; sourceTree = "<group>"; };
		AD79C4D42B5F7ED4007ED45D /* Assets.xcassets */ = {isa = PBXFileReference; lastKnownFileType = folder.assetcatalog; path = Assets.xcassets; sourceTree = "<group>"; };
		AD79C4D72B5F7ED4007ED45D /* Preview Assets.xcassets */ = {isa = PBXFileReference; lastKnownFileType = folder.assetcatalog; path = "Preview Assets.xcassets"; sourceTree = "<group>"; };
		AD79C4DE2B5F7F86007ED45D /* AppCoordinator.swift */ = {isa = PBXFileReference; lastKnownFileType = sourcecode.swift; path = AppCoordinator.swift; sourceTree = "<group>"; };
		AD79C4E02B5F808F007ED45D /* HomeView.swift */ = {isa = PBXFileReference; lastKnownFileType = sourcecode.swift; path = HomeView.swift; sourceTree = "<group>"; };
		AD79C4E42B5F82CB007ED45D /* UserFlowCoordinator.swift */ = {isa = PBXFileReference; lastKnownFileType = sourcecode.swift; path = UserFlowCoordinator.swift; sourceTree = "<group>"; };
		AD79C4E62B5F856F007ED45D /* UsersListView.swift */ = {isa = PBXFileReference; lastKnownFileType = sourcecode.swift; path = UsersListView.swift; sourceTree = "<group>"; };
		AD79C4E92B5F8595007ED45D /* UsersListViewModel.swift */ = {isa = PBXFileReference; lastKnownFileType = sourcecode.swift; path = UsersListViewModel.swift; sourceTree = "<group>"; };
		AD79C4EB2B5F8659007ED45D /* User.swift */ = {isa = PBXFileReference; lastKnownFileType = sourcecode.swift; path = User.swift; sourceTree = "<group>"; };
		AD79C4ED2B5F881B007ED45D /* UserDetailsView.swift */ = {isa = PBXFileReference; lastKnownFileType = sourcecode.swift; path = UserDetailsView.swift; sourceTree = "<group>"; };
		AD79C4EF2B5F884A007ED45D /* UserDetailsViewModel.swift */ = {isa = PBXFileReference; lastKnownFileType = sourcecode.swift; path = UserDetailsViewModel.swift; sourceTree = "<group>"; };
		AD79C4F22B5F8E75007ED45D /* Profile.swift */ = {isa = PBXFileReference; lastKnownFileType = sourcecode.swift; path = Profile.swift; sourceTree = "<group>"; };
		AD79C4F42B5F95DD007ED45D /* SettingsFlowCoordinator.swift */ = {isa = PBXFileReference; lastKnownFileType = sourcecode.swift; path = SettingsFlowCoordinator.swift; sourceTree = "<group>"; };
		AD79C4F72B5F9892007ED45D /* MainSettingsView.swift */ = {isa = PBXFileReference; lastKnownFileType = sourcecode.swift; path = MainSettingsView.swift; sourceTree = "<group>"; };
		AD79C4F92B5F989C007ED45D /* PrivacySettingsView.swift */ = {isa = PBXFileReference; lastKnownFileType = sourcecode.swift; path = PrivacySettingsView.swift; sourceTree = "<group>"; };
		AD79C4FB2B5F98A8007ED45D /* CustomSettingsView.swift */ = {isa = PBXFileReference; lastKnownFileType = sourcecode.swift; path = CustomSettingsView.swift; sourceTree = "<group>"; };
		AD79C4FE2B5F9D62007ED45D /* ProfileFlowCoordinator.swift */ = {isa = PBXFileReference; lastKnownFileType = sourcecode.swift; path = ProfileFlowCoordinator.swift; sourceTree = "<group>"; };
		AD79C5002B5F9F7E007ED45D /* MainProfileView.swift */ = {isa = PBXFileReference; lastKnownFileType = sourcecode.swift; path = MainProfileView.swift; sourceTree = "<group>"; };
		AD79C5042B5F9FB4007ED45D /* PersonalDetailsView.swift */ = {isa = PBXFileReference; lastKnownFileType = sourcecode.swift; path = PersonalDetailsView.swift; sourceTree = "<group>"; };
		AD79C5062B5F9FBF007ED45D /* EducationDetailsView.swift */ = {isa = PBXFileReference; lastKnownFileType = sourcecode.swift; path = EducationDetailsView.swift; sourceTree = "<group>"; };
/* End PBXFileReference section */

/* Begin PBXFrameworksBuildPhase section */
		AD79C4CA2B5F7ED2007ED45D /* Frameworks */ = {
			isa = PBXFrameworksBuildPhase;
			buildActionMask = 2147483647;
			files = (
			);
			runOnlyForDeploymentPostprocessing = 0;
		};
/* End PBXFrameworksBuildPhase section */

/* Begin PBXGroup section */
		AD79C4C42B5F7ED2007ED45D = {
			isa = PBXGroup;
			children = (
				AD79C4CF2B5F7ED2007ED45D /* MVVM-C */,
				AD79C4CE2B5F7ED2007ED45D /* Products */,
			);
			sourceTree = "<group>";
		};
		AD79C4CE2B5F7ED2007ED45D /* Products */ = {
			isa = PBXGroup;
			children = (
				AD79C4CD2B5F7ED2007ED45D /* MVVM-C.app */,
			);
			name = Products;
			sourceTree = "<group>";
		};
		AD79C4CF2B5F7ED2007ED45D /* MVVM-C */ = {
			isa = PBXGroup;
			children = (
				AD79C4D02B5F7ED2007ED45D /* MVVM_CApp.swift */,
				AD79C4D22B5F7ED2007ED45D /* ContentView.swift */,
				AD79C4D42B5F7ED4007ED45D /* Assets.xcassets */,
				AD79C4D62B5F7ED4007ED45D /* Preview Content */,
				AD79C4E22B5F82B2007ED45D /* Coordinator */,
				AD79C4E32B5F82B9007ED45D /* Scene */,
			);
			path = "MVVM-C";
			sourceTree = "<group>";
		};
		AD79C4D62B5F7ED4007ED45D /* Preview Content */ = {
			isa = PBXGroup;
			children = (
				AD79C4D72B5F7ED4007ED45D /* Preview Assets.xcassets */,
			);
			path = "Preview Content";
			sourceTree = "<group>";
		};
		AD79C4E22B5F82B2007ED45D /* Coordinator */ = {
			isa = PBXGroup;
			children = (
				AD79C4DE2B5F7F86007ED45D /* AppCoordinator.swift */,
				AD79C4E42B5F82CB007ED45D /* UserFlowCoordinator.swift */,
				AD79C4F42B5F95DD007ED45D /* SettingsFlowCoordinator.swift */,
				AD79C4FE2B5F9D62007ED45D /* ProfileFlowCoordinator.swift */,
			);
			path = Coordinator;
			sourceTree = "<group>";
		};
		AD79C4E32B5F82B9007ED45D /* Scene */ = {
			isa = PBXGroup;
			children = (
				AD79C4F62B5F987B007ED45D /* Home */,
				AD79C4FD2B5F98F6007ED45D /* Settings */,
				AD79C5082B5FA5B5007ED45D /* Profile */,
			);
			path = Scene;
			sourceTree = "<group>";
		};
		AD79C4E82B5F8583007ED45D /* UsersList */ = {
			isa = PBXGroup;
			children = (
				AD79C4E62B5F856F007ED45D /* UsersListView.swift */,
				AD79C4E92B5F8595007ED45D /* UsersListViewModel.swift */,
				AD79C4EB2B5F8659007ED45D /* User.swift */,
			);
			path = UsersList;
			sourceTree = "<group>";
		};
		AD79C4F12B5F8E38007ED45D /* UserDetails */ = {
			isa = PBXGroup;
			children = (
				AD79C4ED2B5F881B007ED45D /* UserDetailsView.swift */,
				AD79C4EF2B5F884A007ED45D /* UserDetailsViewModel.swift */,
				AD79C4F22B5F8E75007ED45D /* Profile.swift */,
			);
			path = UserDetails;
			sourceTree = "<group>";
		};
		AD79C4F62B5F987B007ED45D /* Home */ = {
			isa = PBXGroup;
			children = (
				AD79C4E02B5F808F007ED45D /* HomeView.swift */,
				AD79C4E82B5F8583007ED45D /* UsersList */,
				AD79C4F12B5F8E38007ED45D /* UserDetails */,
			);
			path = Home;
			sourceTree = "<group>";
		};
		AD79C4FD2B5F98F6007ED45D /* Settings */ = {
			isa = PBXGroup;
			children = (
				AD79C4F72B5F9892007ED45D /* MainSettingsView.swift */,
				AD79C4F92B5F989C007ED45D /* PrivacySettingsView.swift */,
				AD79C4FB2B5F98A8007ED45D /* CustomSettingsView.swift */,
			);
			path = Settings;
			sourceTree = "<group>";
		};
		AD79C5082B5FA5B5007ED45D /* Profile */ = {
			isa = PBXGroup;
			children = (
				AD79C5002B5F9F7E007ED45D /* MainProfileView.swift */,
				AD79C5042B5F9FB4007ED45D /* PersonalDetailsView.swift */,
				AD79C5062B5F9FBF007ED45D /* EducationDetailsView.swift */,
			);
			path = Profile;
			sourceTree = "<group>";
		};
/* End PBXGroup section */

/* Begin PBXNativeTarget section */
		AD79C4CC2B5F7ED2007ED45D /* MVVM-C */ = {
			isa = PBXNativeTarget;
			buildConfigurationList = AD79C4DB2B5F7ED4007ED45D /* Build configuration list for PBXNativeTarget "MVVM-C" */;
			buildPhases = (
				AD79C4C92B5F7ED2007ED45D /* Sources */,
				AD79C4CA2B5F7ED2007ED45D /* Frameworks */,
				AD79C4CB2B5F7ED2007ED45D /* Resources */,
			);
			buildRules = (
			);
			dependencies = (
			);
			name = "MVVM-C";
			productName = "MVVM-C";
			productReference = AD79C4CD2B5F7ED2007ED45D /* MVVM-C.app */;
			productType = "com.apple.product-type.application";
		};
/* End PBXNativeTarget section */

/* Begin PBXProject section */
		AD79C4C52B5F7ED2007ED45D /* Project object */ = {
			isa = PBXProject;
			attributes = {
				BuildIndependentTargetsInParallel = 1;
				LastSwiftUpdateCheck = 1500;
				LastUpgradeCheck = 1500;
				TargetAttributes = {
					AD79C4CC2B5F7ED2007ED45D = {
						CreatedOnToolsVersion = 15.0.1;
					};
				};
			};
			buildConfigurationList = AD79C4C82B5F7ED2007ED45D /* Build configuration list for PBXProject "MVVM-C" */;
			compatibilityVersion = "Xcode 14.0";
			developmentRegion = en;
			hasScannedForEncodings = 0;
			knownRegions = (
				en,
				Base,
			);
			mainGroup = AD79C4C42B5F7ED2007ED45D;
			productRefGroup = AD79C4CE2B5F7ED2007ED45D /* Products */;
			projectDirPath = "";
			projectRoot = "";
			targets = (
				AD79C4CC2B5F7ED2007ED45D /* MVVM-C */,
			);
		};
/* End PBXProject section */

/* Begin PBXResourcesBuildPhase section */
		AD79C4CB2B5F7ED2007ED45D /* Resources */ = {
			isa = PBXResourcesBuildPhase;
			buildActionMask = 2147483647;
			files = (
				AD79C4D82B5F7ED4007ED45D /* Preview Assets.xcassets in Resources */,
				AD79C4D52B5F7ED4007ED45D /* Assets.xcassets in Resources */,
			);
			runOnlyForDeploymentPostprocessing = 0;
		};
/* End PBXResourcesBuildPhase section */

/* Begin PBXSourcesBuildPhase section */
		AD79C4C92B5F7ED2007ED45D /* Sources */ = {
			isa = PBXSourcesBuildPhase;
			buildActionMask = 2147483647;
			files = (
				AD79C4DF2B5F7F86007ED45D /* AppCoordinator.swift in Sources */,
				AD79C4E72B5F856F007ED45D /* UsersListView.swift in Sources */,
				AD79C4E52B5F82CB007ED45D /* UserFlowCoordinator.swift in Sources */,
				AD79C5072B5F9FBF007ED45D /* EducationDetailsView.swift in Sources */,
				AD79C4E12B5F808F007ED45D /* HomeView.swift in Sources */,
				AD79C4FF2B5F9D62007ED45D /* ProfileFlowCoordinator.swift in Sources */,
				AD79C4FA2B5F989C007ED45D /* PrivacySettingsView.swift in Sources */,
				AD79C4F82B5F9892007ED45D /* MainSettingsView.swift in Sources */,
				AD79C5052B5F9FB4007ED45D /* PersonalDetailsView.swift in Sources */,
				AD79C4EE2B5F881B007ED45D /* UserDetailsView.swift in Sources */,
				AD79C4F52B5F95DD007ED45D /* SettingsFlowCoordinator.swift in Sources */,
				AD79C4FC2B5F98A8007ED45D /* CustomSettingsView.swift in Sources */,
				AD79C4EC2B5F8659007ED45D /* User.swift in Sources */,
				AD79C4F02B5F884A007ED45D /* UserDetailsViewModel.swift in Sources */,
				AD79C4D32B5F7ED2007ED45D /* ContentView.swift in Sources */,
				AD79C4F32B5F8E75007ED45D /* Profile.swift in Sources */,
				AD79C4D12B5F7ED2007ED45D /* MVVM_CApp.swift in Sources */,
				AD79C4EA2B5F8595007ED45D /* UsersListViewModel.swift in Sources */,
				AD79C5012B5F9F7E007ED45D /* MainProfileView.swift in Sources */,
			);
			runOnlyForDeploymentPostprocessing = 0;
		};
/* End PBXSourcesBuildPhase section */

/* Begin XCBuildConfiguration section */
		AD79C4D92B5F7ED4007ED45D /* Debug */ = {
			isa = XCBuildConfiguration;
			buildSettings = {
				ALWAYS_SEARCH_USER_PATHS = NO;
				ASSETCATALOG_COMPILER_GENERATE_SWIFT_ASSET_SYMBOL_EXTENSIONS = YES;
				CLANG_ANALYZER_NONNULL = YES;
				CLANG_ANALYZER_NUMBER_OBJECT_CONVERSION = YES_AGGRESSIVE;
				CLANG_CXX_LANGUAGE_STANDARD = "gnu++20";
				CLANG_ENABLE_MODULES = YES;
				CLANG_ENABLE_OBJC_ARC = YES;
				CLANG_ENABLE_OBJC_WEAK = YES;
				CLANG_WARN_BLOCK_CAPTURE_AUTORELEASING = YES;
				CLANG_WARN_BOOL_CONVERSION = YES;
				CLANG_WARN_COMMA = YES;
				CLANG_WARN_CONSTANT_CONVERSION = YES;
				CLANG_WARN_DEPRECATED_OBJC_IMPLEMENTATIONS = YES;
				CLANG_WARN_DIRECT_OBJC_ISA_USAGE = YES_ERROR;
				CLANG_WARN_DOCUMENTATION_COMMENTS = YES;
				CLANG_WARN_EMPTY_BODY = YES;
				CLANG_WARN_ENUM_CONVERSION = YES;
				CLANG_WARN_INFINITE_RECURSION = YES;
				CLANG_WARN_INT_CONVERSION = YES;
				CLANG_WARN_NON_LITERAL_NULL_CONVERSION = YES;
				CLANG_WARN_OBJC_IMPLICIT_RETAIN_SELF = YES;
				CLANG_WARN_OBJC_LITERAL_CONVERSION = YES;
				CLANG_WARN_OBJC_ROOT_CLASS = YES_ERROR;
				CLANG_WARN_QUOTED_INCLUDE_IN_FRAMEWORK_HEADER = YES;
				CLANG_WARN_RANGE_LOOP_ANALYSIS = YES;
				CLANG_WARN_STRICT_PROTOTYPES = YES;
				CLANG_WARN_SUSPICIOUS_MOVE = YES;
				CLANG_WARN_UNGUARDED_AVAILABILITY = YES_AGGRESSIVE;
				CLANG_WARN_UNREACHABLE_CODE = YES;
				CLANG_WARN__DUPLICATE_METHOD_MATCH = YES;
				COPY_PHASE_STRIP = NO;
				DEBUG_INFORMATION_FORMAT = dwarf;
				ENABLE_STRICT_OBJC_MSGSEND = YES;
				ENABLE_TESTABILITY = YES;
				ENABLE_USER_SCRIPT_SANDBOXING = YES;
				GCC_C_LANGUAGE_STANDARD = gnu17;
				GCC_DYNAMIC_NO_PIC = NO;
				GCC_NO_COMMON_BLOCKS = YES;
				GCC_OPTIMIZATION_LEVEL = 0;
				GCC_PREPROCESSOR_DEFINITIONS = (
					"DEBUG=1",
					"$(inherited)",
				);
				GCC_WARN_64_TO_32_BIT_CONVERSION = YES;
				GCC_WARN_ABOUT_RETURN_TYPE = YES_ERROR;
				GCC_WARN_UNDECLARED_SELECTOR = YES;
				GCC_WARN_UNINITIALIZED_AUTOS = YES_AGGRESSIVE;
				GCC_WARN_UNUSED_FUNCTION = YES;
				GCC_WARN_UNUSED_VARIABLE = YES;
				IPHONEOS_DEPLOYMENT_TARGET = 17.0;
				LOCALIZATION_PREFERS_STRING_CATALOGS = YES;
				MTL_ENABLE_DEBUG_INFO = INCLUDE_SOURCE;
				MTL_FAST_MATH = YES;
				ONLY_ACTIVE_ARCH = YES;
				SDKROOT = iphoneos;
				SWIFT_ACTIVE_COMPILATION_CONDITIONS = "DEBUG $(inherited)";
				SWIFT_OPTIMIZATION_LEVEL = "-Onone";
			};
			name = Debug;
		};
		AD79C4DA2B5F7ED4007ED45D /* Release */ = {
			isa = XCBuildConfiguration;
			buildSettings = {
				ALWAYS_SEARCH_USER_PATHS = NO;
				ASSETCATALOG_COMPILER_GENERATE_SWIFT_ASSET_SYMBOL_EXTENSIONS = YES;
				CLANG_ANALYZER_NONNULL = YES;
				CLANG_ANALYZER_NUMBER_OBJECT_CONVERSION = YES_AGGRESSIVE;
				CLANG_CXX_LANGUAGE_STANDARD = "gnu++20";
				CLANG_ENABLE_MODULES = YES;
				CLANG_ENABLE_OBJC_ARC = YES;
				CLANG_ENABLE_OBJC_WEAK = YES;
				CLANG_WARN_BLOCK_CAPTURE_AUTORELEASING = YES;
				CLANG_WARN_BOOL_CONVERSION = YES;
				CLANG_WARN_COMMA = YES;
				CLANG_WARN_CONSTANT_CONVERSION = YES;
				CLANG_WARN_DEPRECATED_OBJC_IMPLEMENTATIONS = YES;
				CLANG_WARN_DIRECT_OBJC_ISA_USAGE = YES_ERROR;
				CLANG_WARN_DOCUMENTATION_COMMENTS = YES;
				CLANG_WARN_EMPTY_BODY = YES;
				CLANG_WARN_ENUM_CONVERSION = YES;
				CLANG_WARN_INFINITE_RECURSION = YES;
				CLANG_WARN_INT_CONVERSION = YES;
				CLANG_WARN_NON_LITERAL_NULL_CONVERSION = YES;
				CLANG_WARN_OBJC_IMPLICIT_RETAIN_SELF = YES;
				CLANG_WARN_OBJC_LITERAL_CONVERSION = YES;
				CLANG_WARN_OBJC_ROOT_CLASS = YES_ERROR;
				CLANG_WARN_QUOTED_INCLUDE_IN_FRAMEWORK_HEADER = YES;
				CLANG_WARN_RANGE_LOOP_ANALYSIS = YES;
				CLANG_WARN_STRICT_PROTOTYPES = YES;
				CLANG_WARN_SUSPICIOUS_MOVE = YES;
				CLANG_WARN_UNGUARDED_AVAILABILITY = YES_AGGRESSIVE;
				CLANG_WARN_UNREACHABLE_CODE = YES;
				CLANG_WARN__DUPLICATE_METHOD_MATCH = YES;
				COPY_PHASE_STRIP = NO;
				DEBUG_INFORMATION_FORMAT = "dwarf-with-dsym";
				ENABLE_NS_ASSERTIONS = NO;
				ENABLE_STRICT_OBJC_MSGSEND = YES;
				ENABLE_USER_SCRIPT_SANDBOXING = YES;
				GCC_C_LANGUAGE_STANDARD = gnu17;
				GCC_NO_COMMON_BLOCKS = YES;
				GCC_WARN_64_TO_32_BIT_CONVERSION = YES;
				GCC_WARN_ABOUT_RETURN_TYPE = YES_ERROR;
				GCC_WARN_UNDECLARED_SELECTOR = YES;
				GCC_WARN_UNINITIALIZED_AUTOS = YES_AGGRESSIVE;
				GCC_WARN_UNUSED_FUNCTION = YES;
				GCC_WARN_UNUSED_VARIABLE = YES;
				IPHONEOS_DEPLOYMENT_TARGET = 17.0;
				LOCALIZATION_PREFERS_STRING_CATALOGS = YES;
				MTL_ENABLE_DEBUG_INFO = NO;
				MTL_FAST_MATH = YES;
				SDKROOT = iphoneos;
				SWIFT_COMPILATION_MODE = wholemodule;
				VALIDATE_PRODUCT = YES;
			};
			name = Release;
		};
		AD79C4DC2B5F7ED4007ED45D /* Debug */ = {
			isa = XCBuildConfiguration;
			buildSettings = {
				ASSETCATALOG_COMPILER_APPICON_NAME = AppIcon;
				ASSETCATALOG_COMPILER_GLOBAL_ACCENT_COLOR_NAME = AccentColor;
				CODE_SIGN_STYLE = Automatic;
				CURRENT_PROJECT_VERSION = 1;
				DEVELOPMENT_ASSET_PATHS = "\"MVVM-C/Preview Content\"";
				DEVELOPMENT_TEAM = HDFLLXK789;
				ENABLE_PREVIEWS = YES;
				GENERATE_INFOPLIST_FILE = YES;
				INFOPLIST_KEY_UIApplicationSceneManifest_Generation = YES;
				INFOPLIST_KEY_UIApplicationSupportsIndirectInputEvents = YES;
				INFOPLIST_KEY_UILaunchScreen_Generation = YES;
				INFOPLIST_KEY_UISupportedInterfaceOrientations_iPad = "UIInterfaceOrientationPortrait UIInterfaceOrientationPortraitUpsideDown UIInterfaceOrientationLandscapeLeft UIInterfaceOrientationLandscapeRight";
				INFOPLIST_KEY_UISupportedInterfaceOrientations_iPhone = "UIInterfaceOrientationPortrait UIInterfaceOrientationLandscapeLeft UIInterfaceOrientationLandscapeRight";
				LD_RUNPATH_SEARCH_PATHS = (
					"$(inherited)",
					"@executable_path/Frameworks",
				);
				MARKETING_VERSION = 1.0;
				PRODUCT_BUNDLE_IDENTIFIER = "com.ycompany.MVVM-C";
				PRODUCT_NAME = "$(TARGET_NAME)";
				SWIFT_EMIT_LOC_STRINGS = YES;
				SWIFT_VERSION = 5.0;
				TARGETED_DEVICE_FAMILY = "1,2";
			};
			name = Debug;
		};
		AD79C4DD2B5F7ED4007ED45D /* Release */ = {
			isa = XCBuildConfiguration;
			buildSettings = {
				ASSETCATALOG_COMPILER_APPICON_NAME = AppIcon;
				ASSETCATALOG_COMPILER_GLOBAL_ACCENT_COLOR_NAME = AccentColor;
				CODE_SIGN_STYLE = Automatic;
				CURRENT_PROJECT_VERSION = 1;
				DEVELOPMENT_ASSET_PATHS = "\"MVVM-C/Preview Content\"";
				DEVELOPMENT_TEAM = HDFLLXK789;
				ENABLE_PREVIEWS = YES;
				GENERATE_INFOPLIST_FILE = YES;
				INFOPLIST_KEY_UIApplicationSceneManifest_Generation = YES;
				INFOPLIST_KEY_UIApplicationSupportsIndirectInputEvents = YES;
				INFOPLIST_KEY_UILaunchScreen_Generation = YES;
				INFOPLIST_KEY_UISupportedInterfaceOrientations_iPad = "UIInterfaceOrientationPortrait UIInterfaceOrientationPortraitUpsideDown UIInterfaceOrientationLandscapeLeft UIInterfaceOrientationLandscapeRight";
				INFOPLIST_KEY_UISupportedInterfaceOrientations_iPhone = "UIInterfaceOrientationPortrait UIInterfaceOrientationLandscapeLeft UIInterfaceOrientationLandscapeRight";
				LD_RUNPATH_SEARCH_PATHS = (
					"$(inherited)",
					"@executable_path/Frameworks",
				);
				MARKETING_VERSION = 1.0;
				PRODUCT_BUNDLE_IDENTIFIER = "com.ycompany.MVVM-C";
				PRODUCT_NAME = "$(TARGET_NAME)";
				SWIFT_EMIT_LOC_STRINGS = YES;
				SWIFT_VERSION = 5.0;
				TARGETED_DEVICE_FAMILY = "1,2";
			};
			name = Release;
		};
/* End XCBuildConfiguration section */

/* Begin XCConfigurationList section */
		AD79C4C82B5F7ED2007ED45D /* Build configuration list for PBXProject "MVVM-C" */ = {
			isa = XCConfigurationList;
			buildConfigurations = (
				AD79C4D92B5F7ED4007ED45D /* Debug */,
				AD79C4DA2B5F7ED4007ED45D /* Release */,
			);
			defaultConfigurationIsVisible = 0;
			defaultConfigurationName = Release;
		};
		AD79C4DB2B5F7ED4007ED45D /* Build configuration list for PBXNativeTarget "MVVM-C" */ = {
			isa = XCConfigurationList;
			buildConfigurations = (
				AD79C4DC2B5F7ED4007ED45D /* Debug */,
				AD79C4DD2B5F7ED4007ED45D /* Release */,
			);
			defaultConfigurationIsVisible = 0;
			defaultConfigurationName = Release;
		};
/* End XCConfigurationList section */
	};
	rootObject = AD79C4C52B5F7ED2007ED45D /* Project object */;
}
